
Microsoft Visual Studio Solution File, Format Version 12.00
# Visual Studio Version 17
VisualStudioVersion = 17.5.33516.290
MinimumVisualStudioVersion = 10.0.40219.1
Project("{9A19103F-16F7-4668-BE54-9A1E7A4F7556}") = "Singleton", "Singleton\Singleton.csproj", "{8379F938-65AC-484D-BE34-7FB9A6D8BDD0}"
EndProject
Project("{9A19103F-16F7-4668-BE54-9A1E7A4F7556}") = "SingleResponsibilityPrinciple", "SingleResponsibilityPrinciple\SingleResponsibilityPrinciple.csproj", "{44655867-4A1F-42BA-9572-EDE216CAB47D}"
EndProject
Project("{FAE04EC0-301F-11D3-BF4B-00C04F79EFBC}") = "OpenClosedPrinciple", "OpenClosedPrinciple\OpenClosedPrinciple.csproj", "{52F3E214-C4A6-4AA4-9A6E-BBCDDF5A6339}"
EndProject
Global
	GlobalSection(SolutionConfigurationPlatforms) = preSolution
		Debug|Any CPU = Debug|Any CPU
		Release|Any CPU = Release|Any CPU
	EndGlobalSection
	GlobalSection(ProjectConfigurationPlatforms) = postSolution
		{8379F938-65AC-484D-BE34-7FB9A6D8BDD0}.Debug|Any CPU.ActiveCfg = Debug|Any CPU
		{8379F938-65AC-484D-BE34-7FB9A6D8BDD0}.Debug|Any CPU.Build.0 = Debug|Any CPU
		{8379F938-65AC-484D-BE34-7FB9A6D8BDD0}.Release|Any CPU.ActiveCfg = Release|Any CPU
		{8379F938-65AC-484D-BE34-7FB9A6D8BDD0}.Release|Any CPU.Build.0 = Release|Any CPU
		{44655867-4A1F-42BA-9572-EDE216CAB47D}.Debug|Any CPU.ActiveCfg = Debug|Any CPU
		{44655867-4A1F-42BA-9572-EDE216CAB47D}.Debug|Any CPU.Build.0 = Debug|Any CPU
		{44655867-4A1F-42BA-9572-EDE216CAB47D}.Release|Any CPU.ActiveCfg = Release|Any CPU
		{44655867-4A1F-42BA-9572-EDE216CAB47D}.Release|Any CPU.Build.0 = Release|Any CPU
		{52F3E214-C4A6-4AA4-9A6E-BBCDDF5A6339}.Debug|Any CPU.ActiveCfg = Debug|Any CPU
		{52F3E214-C4A6-4AA4-9A6E-BBCDDF5A6339}.Debug|Any CPU.Build.0 = Debug|Any CPU
		{52F3E214-C4A6-4AA4-9A6E-BBCDDF5A6339}.Release|Any CPU.ActiveCfg = Release|Any CPU
		{52F3E214-C4A6-4AA4-9A6E-BBCDDF5A6339}.Release|Any CPU.Build.0 = Release|Any CPU
	EndGlobalSection
	GlobalSection(SolutionProperties) = preSolution
		HideSolutionNode = FALSE
	EndGlobalSection
	GlobalSection(ExtensibilityGlobals) = postSolution
		SolutionGuid = {F54C2D86-6598-493C-A39C-E864DE88108B}
	EndGlobalSection
EndGlobal
